
Microsoft Visual Studio Solution File, Format Version 12.00
# Visual Studio 15
VisualStudioVersion = 15.0.28307.136
MinimumVisualStudioVersion = 10.0.40219.1
Project("{FAE04EC0-301F-11D3-BF4B-00C04F79EFBC}") = "CssMediaQueryTest", "CssMediaQueryTest\CssMediaQueryTest.csproj", "{93896DD0-CA8B-4396-B322-B96C55AC64FD}"
EndProject
Global
	GlobalSection(SolutionConfigurationPlatforms) = preSolution
		Debug|Any CPU = Debug|Any CPU
		Release|Any CPU = Release|Any CPU
	EndGlobalSection
	GlobalSection(ProjectConfigurationPlatforms) = postSolution
		{93896DD0-CA8B-4396-B322-B96C55AC64FD}.Debug|Any CPU.ActiveCfg = Debug|Any CPU
		{93896DD0-CA8B-4396-B322-B96C55AC64FD}.Debug|Any CPU.Build.0 = Debug|Any CPU
		{93896DD0-CA8B-4396-B322-B96C55AC64FD}.Release|Any CPU.ActiveCfg = Release|Any CPU
		{93896DD0-CA8B-4396-B322-B96C55AC64FD}.Release|Any CPU.Build.0 = Release|Any CPU
	EndGlobalSection
	GlobalSection(SolutionProperties) = preSolution
		HideSolutionNode = FALSE
	EndGlobalSection
	GlobalSection(ExtensibilityGlobals) = postSolution
		SolutionGuid = {7565327B-47DE-4158-BCB3-F8E213F4FD5A}
	EndGlobalSection
EndGlobal
